
Microsoft Visual Studio Solution File, Format Version 12.00
Project("{FAE04EC0-301F-11D3-BF4B-00C04F79EFBC}") = "confluent.kafka", "confluent.kafka\confluent.kafka.csproj", "{96F0090C-167E-4153-B4BB-A67987229BE4}"
EndProject
Global
	GlobalSection(SolutionConfigurationPlatforms) = preSolution
		Debug|Any CPU = Debug|Any CPU
		Release|Any CPU = Release|Any CPU
	EndGlobalSection
	GlobalSection(ProjectConfigurationPlatforms) = postSolution
		{96F0090C-167E-4153-B4BB-A67987229BE4}.Debug|Any CPU.ActiveCfg = Debug|Any CPU
		{96F0090C-167E-4153-B4BB-A67987229BE4}.Debug|Any CPU.Build.0 = Debug|Any CPU
		{96F0090C-167E-4153-B4BB-A67987229BE4}.Release|Any CPU.ActiveCfg = Release|Any CPU
		{96F0090C-167E-4153-B4BB-A67987229BE4}.Release|Any CPU.Build.0 = Release|Any CPU
	EndGlobalSection
EndGlobal
